# THIS IS AN AUTOGENERATED FILE. DO NOT EDIT THIS FILE DIRECTLY.
# yarn lockfile v1


"@types/node@^12.6.2":
  version "12.6.2"
  resolved "https://registry.yarnpkg.com/@types/node/-/node-12.6.2.tgz#a5ccec6abb6060d5f20d256fb03ed743e9774999"

makerspace-ts-api-client-generator@^0.1.5:
  version "0.1.5"
  resolved "https://registry.yarnpkg.com/makerspace-ts-api-client-generator/-/makerspace-ts-api-client-generator-0.1.5.tgz#17ebf30dac4d4f3604c0d1d3d26fd85b0389e198"

typescript@^3.5.2:
  version "3.5.3"
  resolved "https://registry.yarnpkg.com/typescript/-/typescript-3.5.3.tgz#c830f657f93f1ea846819e929092f5fe5983e977"
